# This file is automatically @generated by Cargo.
# It is not intended for manual editing.
version = 3

[[package]]
name = "data_fetcher"
version = "0.1.0"

[[package]]
name = "data_wrangler"
version = "0.1.0"

[[package]]
name = "nba_cli"
version = "0.1.0"

[[package]]
name = "prediction_engine"
version = "0.1.0"
